
Microsoft Visual Studio Solution File, Format Version 12.00
# Visual Studio Version 17
VisualStudioVersion = 17.12.35527.113
MinimumVisualStudioVersion = 10.0.40219.1
Project("{FAE04EC0-301F-11D3-BF4B-00C04F79EFBC}") = "AABridgeWireless", "AABridgeWireless.csproj", "{227215FC-D828-490F-BB05-75F622CAF431}"
EndProject
Global
	GlobalSection(SolutionConfigurationPlatforms) = preSolution
		Debug|Any CPU = Debug|Any CPU
		Debug|ARM64 = Debug|ARM64
		Release|Any CPU = Release|Any CPU
		Release|ARM64 = Release|ARM64
	EndGlobalSection
	GlobalSection(ProjectConfigurationPlatforms) = postSolution
		{227215FC-D828-490F-BB05-75F622CAF431}.Debug|Any CPU.ActiveCfg = Debug|Any CPU
		{227215FC-D828-490F-BB05-75F622CAF431}.Debug|Any CPU.Build.0 = Debug|Any CPU
		{227215FC-D828-490F-BB05-75F622CAF431}.Debug|Any CPU.Deploy.0 = Debug|Any CPU
		{227215FC-D828-490F-BB05-75F622CAF431}.Debug|ARM64.ActiveCfg = Debug|Any CPU
		{227215FC-D828-490F-BB05-75F622CAF431}.Debug|ARM64.Build.0 = Debug|Any CPU
		{227215FC-D828-490F-BB05-75F622CAF431}.Debug|ARM64.Deploy.0 = Debug|Any CPU
		{227215FC-D828-490F-BB05-75F622CAF431}.Release|Any CPU.ActiveCfg = Release|Any CPU
		{227215FC-D828-490F-BB05-75F622CAF431}.Release|Any CPU.Build.0 = Release|Any CPU
		{227215FC-D828-490F-BB05-75F622CAF431}.Release|ARM64.ActiveCfg = Release|ARM64
		{227215FC-D828-490F-BB05-75F622CAF431}.Release|ARM64.Build.0 = Release|ARM64
		{227215FC-D828-490F-BB05-75F622CAF431}.Release|ARM64.Deploy.0 = Release|ARM64
	EndGlobalSection
	GlobalSection(SolutionProperties) = preSolution
		HideSolutionNode = FALSE
	EndGlobalSection
EndGlobal
